
Microsoft Visual Studio Solution File, Format Version 12.00
# Visual Studio Version 16
VisualStudioVersion = 16.0.31729.503
MinimumVisualStudioVersion = 10.0.40219.1
Project("{FAE04EC0-301F-11D3-BF4B-00C04F79EFBC}") = "ukol_sifrovani_posun", "ukol_sifrovani_posun\ukol_sifrovani_posun.csproj", "{4D6508DF-1766-429A-AB8B-1D772EAC23C9}"
EndProject
Global
	GlobalSection(SolutionConfigurationPlatforms) = preSolution
		Debug|Any CPU = Debug|Any CPU
		Release|Any CPU = Release|Any CPU
	EndGlobalSection
	GlobalSection(ProjectConfigurationPlatforms) = postSolution
		{4D6508DF-1766-429A-AB8B-1D772EAC23C9}.Debug|Any CPU.ActiveCfg = Debug|Any CPU
		{4D6508DF-1766-429A-AB8B-1D772EAC23C9}.Debug|Any CPU.Build.0 = Debug|Any CPU
		{4D6508DF-1766-429A-AB8B-1D772EAC23C9}.Release|Any CPU.ActiveCfg = Release|Any CPU
		{4D6508DF-1766-429A-AB8B-1D772EAC23C9}.Release|Any CPU.Build.0 = Release|Any CPU
	EndGlobalSection
	GlobalSection(SolutionProperties) = preSolution
		HideSolutionNode = FALSE
	EndGlobalSection
	GlobalSection(ExtensibilityGlobals) = postSolution
		SolutionGuid = {D2F25BE3-3FE9-4444-8A97-4129AF8B683C}
	EndGlobalSection
EndGlobal
